
Microsoft Visual Studio Solution File, Format Version 12.00
# Visual Studio Version 16
VisualStudioVersion = 16.0.29509.3
MinimumVisualStudioVersion = 10.0.40219.1
Project("{2150E333-8FDC-42A3-9474-1A3956D46DE8}") = "Practise_1", "Practise_1", "{662E2C16-4CFE-4B65-B0F9-46A946C573DE}"
EndProject
Project("{FAE04EC0-301F-11D3-BF4B-00C04F79EFBC}") = "Practice14.12_1", "Practise_1\Practice14.12\Practice14.12_1.csproj", "{B9CDC448-801B-4CB4-958C-D035708FEC73}"
EndProject
Project("{FAE04EC0-301F-11D3-BF4B-00C04F79EFBC}") = "Practice14.12_2", "Practise_1\Practice14.12_2\Practice14.12_2.csproj", "{472EA5ED-65AA-4AEB-8C53-3610D68B7128}"
EndProject
Project("{FAE04EC0-301F-11D3-BF4B-00C04F79EFBC}") = "Practice14.12_3", "Practise_1\Practice14.12_3\Practice14.12_3.csproj", "{F4C82182-3614-42F1-93D4-76080CBB176A}"
EndProject
Project("{FAE04EC0-301F-11D3-BF4B-00C04F79EFBC}") = "Practice14.12_4", "Practise_1\Practice14.12_4\Practice14.12_4.csproj", "{E0597872-5154-4444-AD30-8C203750D871}"
EndProject
Project("{FAE04EC0-301F-11D3-BF4B-00C04F79EFBC}") = "Practice14.12_5", "Practise_1\Practice14.12_5\Practice14.12_5.csproj", "{DBB1D480-7A5B-4641-910F-2C7DDB3C6EF4}"
EndProject
Project("{FAE04EC0-301F-11D3-BF4B-00C04F79EFBC}") = "Practice14.12_6", "Practise_1\Practice14.12_6\Practice14.12_6.csproj", "{E49DAD80-B8CA-4E50-AD40-631DD6C3506A}"
EndProject
Project("{FAE04EC0-301F-11D3-BF4B-00C04F79EFBC}") = "Practice14.12_7", "Practise_1\Practice14.12_7\Practice14.12_7.csproj", "{1FCDF0F1-20D2-47FD-BF68-2A4CBC353654}"
EndProject
Project("{FAE04EC0-301F-11D3-BF4B-00C04F79EFBC}") = "Practice14.12_7(vertical)", "Practise_1\Practice14.12_7(vertical)\Practice14.12_7(vertical).csproj", "{947BB795-A7CE-4BC7-8CEC-3FBB88564D5B}"
EndProject
Project("{FAE04EC0-301F-11D3-BF4B-00C04F79EFBC}") = "Practice14.12_8", "Practise_1\Practice14.12_8\Practice14.12_8.csproj", "{5EC7F805-40E9-4ED1-9ADF-F12940521EF2}"
EndProject
Project("{FAE04EC0-301F-11D3-BF4B-00C04F79EFBC}") = "Practice14.12_9", "Practise_1\Practice14.12_9\Practice14.12_9.csproj", "{7EBE511D-516A-49CF-8441-B7D66DA83A7E}"
EndProject
Project("{FAE04EC0-301F-11D3-BF4B-00C04F79EFBC}") = "Practice14.12_10", "Practise_1\Practice14.12_10\Practice14.12_10.csproj", "{501D78A9-0F2C-4957-8039-FD3FCE3D4001}"
EndProject
Project("{FAE04EC0-301F-11D3-BF4B-00C04F79EFBC}") = "Practice14.12_11", "Practise_1\Practice14.12_11\Practice14.12_11.csproj", "{01689B0C-3A71-45EA-B44B-C538FE7CCAA9}"
EndProject
Project("{FAE04EC0-301F-11D3-BF4B-00C04F79EFBC}") = "Practice14.29_HW_Calculator", "Practise_1\Practice14.29_HomeWork\Practice14.29_HW_Calculator.csproj", "{344F415C-C007-497D-BBA0-7F8E1B600156}"
EndProject
Project("{2150E333-8FDC-42A3-9474-1A3956D46DE8}") = "Practise_2", "Practise_2", "{E6575228-56D1-4207-AF16-CE07021B271B}"
EndProject
Project("{FAE04EC0-301F-11D3-BF4B-00C04F79EFBC}") = "ProggresBar_P_21.12_2", "Practise_2\Binding_P_21.12_2\ProggresBar_P_21.12_2.csproj", "{6D44C846-9ACC-4190-8403-9A5E2D3E5B3F}"
EndProject
Project("{FAE04EC0-301F-11D3-BF4B-00C04F79EFBC}") = "ColorTextComboBox_P_21.12_3", "Practise_2\Binding_P_21.12_3\ColorTextComboBox_P_21.12_3.csproj", "{7AE3BCCA-0520-4A19-A064-169549023BF9}"
EndProject
Project("{FAE04EC0-301F-11D3-BF4B-00C04F79EFBC}") = "EmployeeInfoGetting_P_21.12_4", "Practise_2\Binding_P_21.12_4\EmployeeInfoGetting_P_21.12_4.csproj", "{B3EE1BD6-6402-46C8-B6B7-9D58FD975043}"
EndProject
Project("{FAE04EC0-301F-11D3-BF4B-00C04F79EFBC}") = "TextBox-Lable21.12_1", "Practise_2\Binding_practice21.12\TextBox-Lable21.12_1.csproj", "{1F8ADCF0-0060-4107-B520-AEF5F9F69D94}"
EndProject
Project("{FAE04EC0-301F-11D3-BF4B-00C04F79EFBC}") = "EmployeeRegister", "Practise_2\EmployeeRegister\EmployeeRegister.csproj", "{BB642FC6-B79B-4AF6-8B86-15D19A8AA19A}"
EndProject
Project("{FAE04EC0-301F-11D3-BF4B-00C04F79EFBC}") = "CircleParametr_Binding_WPF", "Practise_2\Practice_Binding_WPF\CircleParametr_Binding_WPF.csproj", "{46D17EDB-6B51-4FA3-9C1E-465BA06E6032}"
EndProject
Project("{2150E333-8FDC-42A3-9474-1A3956D46DE8}") = "Practise_3", "Practise_3", "{AFF33499-D302-45C1-BB91-193F5FE07C8A}"
EndProject
Project("{FAE04EC0-301F-11D3-BF4B-00C04F79EFBC}") = "Command_Practice28.12", "Practise_3\Command_Practice28.12\Command_Practice28.12.csproj", "{DCBA6C2F-7D5E-47FD-AC61-55A76FFC0303}"
EndProject
Project("{FAE04EC0-301F-11D3-BF4B-00C04F79EFBC}") = "Event_28.12", "Practise_3\Event_28.12\Event_28.12.csproj", "{F9B09EEB-3E03-4C15-AE81-00701B2686AE}"
EndProject
Project("{2150E333-8FDC-42A3-9474-1A3956D46DE8}") = "Practise_4", "Practise_4", "{30824D64-45CC-46B2-ACA2-9BBAD9BDBC1F}"
EndProject
Project("{FAE04EC0-301F-11D3-BF4B-00C04F79EFBC}") = "Author_Book_Info", "Practise_4\Author_Book_Info\Author_Book_Info.csproj", "{C4FAC348-9C8F-4A4A-AECF-1424ED035120}"
EndProject
Project("{2150E333-8FDC-42A3-9474-1A3956D46DE8}") = "Practise_5", "Practise_5", "{6086D8C7-696B-4D22-9168-07AA57AA926E}"
EndProject
Project("{FAE04EC0-301F-11D3-BF4B-00C04F79EFBC}") = "EmployeeProject", "Practise_5\EmployeeProject\EmployeeProject.csproj", "{94536EAB-9048-4CD8-94EB-2A7FB2A8A470}"
EndProject
Project("{FAE04EC0-301F-11D3-BF4B-00C04F79EFBC}") = "PR_SelfCustomer", "Practise_5\PR_SelfCustomer\PR_SelfCustomer.csproj", "{B278B86E-ED86-4E74-8E12-428F94760B25}"
EndProject
Project("{FAE04EC0-301F-11D3-BF4B-00C04F79EFBC}") = "PR25.01_Triggers_Animation", "Practise_5\PR25.01_Triggers_Animation\PR25.01_Triggers_Animation.csproj", "{1E3C44BA-43E2-4AD6-96BD-90ECDF0DEE77}"
EndProject
Project("{FAE04EC0-301F-11D3-BF4B-00C04F79EFBC}") = "PR25.01_CustomerList", "Practise_5\PR25.01_CustomerList\PR25.01_CustomerList.csproj", "{2AEA2591-098A-49B0-BAE4-89C0FFB88F33}"
EndProject
Project("{FAE04EC0-301F-11D3-BF4B-00C04F79EFBC}") = "Zza.Data", "Practise_5\Zza.Data\Zza.Data.csproj", "{BB1E80DE-E6D1-4E29-BC2D-DB66B81163C5}"
EndProject
Project("{FAE04EC0-301F-11D3-BF4B-00C04F79EFBC}") = "ZzaDashboard", "Practise_5\ZzaDashboard\ZzaDashboard.csproj", "{B4BAF275-1AAD-408E-AC04-1DBE32FD855E}"
EndProject
Global
	GlobalSection(SolutionConfigurationPlatforms) = preSolution
		Debug|Any CPU = Debug|Any CPU
		Release|Any CPU = Release|Any CPU
	EndGlobalSection
	GlobalSection(ProjectConfigurationPlatforms) = postSolution
		{B9CDC448-801B-4CB4-958C-D035708FEC73}.Debug|Any CPU.ActiveCfg = Debug|Any CPU
		{B9CDC448-801B-4CB4-958C-D035708FEC73}.Debug|Any CPU.Build.0 = Debug|Any CPU
		{B9CDC448-801B-4CB4-958C-D035708FEC73}.Release|Any CPU.ActiveCfg = Release|Any CPU
		{B9CDC448-801B-4CB4-958C-D035708FEC73}.Release|Any CPU.Build.0 = Release|Any CPU
		{472EA5ED-65AA-4AEB-8C53-3610D68B7128}.Debug|Any CPU.ActiveCfg = Debug|Any CPU
		{472EA5ED-65AA-4AEB-8C53-3610D68B7128}.Debug|Any CPU.Build.0 = Debug|Any CPU
		{472EA5ED-65AA-4AEB-8C53-3610D68B7128}.Release|Any CPU.ActiveCfg = Release|Any CPU
		{472EA5ED-65AA-4AEB-8C53-3610D68B7128}.Release|Any CPU.Build.0 = Release|Any CPU
		{F4C82182-3614-42F1-93D4-76080CBB176A}.Debug|Any CPU.ActiveCfg = Debug|Any CPU
		{F4C82182-3614-42F1-93D4-76080CBB176A}.Debug|Any CPU.Build.0 = Debug|Any CPU
		{F4C82182-3614-42F1-93D4-76080CBB176A}.Release|Any CPU.ActiveCfg = Release|Any CPU
		{F4C82182-3614-42F1-93D4-76080CBB176A}.Release|Any CPU.Build.0 = Release|Any CPU
		{E0597872-5154-4444-AD30-8C203750D871}.Debug|Any CPU.ActiveCfg = Debug|Any CPU
		{E0597872-5154-4444-AD30-8C203750D871}.Debug|Any CPU.Build.0 = Debug|Any CPU
		{E0597872-5154-4444-AD30-8C203750D871}.Release|Any CPU.ActiveCfg = Release|Any CPU
		{E0597872-5154-4444-AD30-8C203750D871}.Release|Any CPU.Build.0 = Release|Any CPU
		{DBB1D480-7A5B-4641-910F-2C7DDB3C6EF4}.Debug|Any CPU.ActiveCfg = Debug|Any CPU
		{DBB1D480-7A5B-4641-910F-2C7DDB3C6EF4}.Debug|Any CPU.Build.0 = Debug|Any CPU
		{DBB1D480-7A5B-4641-910F-2C7DDB3C6EF4}.Release|Any CPU.ActiveCfg = Release|Any CPU
		{DBB1D480-7A5B-4641-910F-2C7DDB3C6EF4}.Release|Any CPU.Build.0 = Release|Any CPU
		{E49DAD80-B8CA-4E50-AD40-631DD6C3506A}.Debug|Any CPU.ActiveCfg = Debug|Any CPU
		{E49DAD80-B8CA-4E50-AD40-631DD6C3506A}.Debug|Any CPU.Build.0 = Debug|Any CPU
		{E49DAD80-B8CA-4E50-AD40-631DD6C3506A}.Release|Any CPU.ActiveCfg = Release|Any CPU
		{E49DAD80-B8CA-4E50-AD40-631DD6C3506A}.Release|Any CPU.Build.0 = Release|Any CPU
		{1FCDF0F1-20D2-47FD-BF68-2A4CBC353654}.Debug|Any CPU.ActiveCfg = Debug|Any CPU
		{1FCDF0F1-20D2-47FD-BF68-2A4CBC353654}.Debug|Any CPU.Build.0 = Debug|Any CPU
		{1FCDF0F1-20D2-47FD-BF68-2A4CBC353654}.Release|Any CPU.ActiveCfg = Release|Any CPU
		{1FCDF0F1-20D2-47FD-BF68-2A4CBC353654}.Release|Any CPU.Build.0 = Release|Any CPU
		{947BB795-A7CE-4BC7-8CEC-3FBB88564D5B}.Debug|Any CPU.ActiveCfg = Debug|Any CPU
		{947BB795-A7CE-4BC7-8CEC-3FBB88564D5B}.Debug|Any CPU.Build.0 = Debug|Any CPU
		{947BB795-A7CE-4BC7-8CEC-3FBB88564D5B}.Release|Any CPU.ActiveCfg = Release|Any CPU
		{947BB795-A7CE-4BC7-8CEC-3FBB88564D5B}.Release|Any CPU.Build.0 = Release|Any CPU
		{5EC7F805-40E9-4ED1-9ADF-F12940521EF2}.Debug|Any CPU.ActiveCfg = Debug|Any CPU
		{5EC7F805-40E9-4ED1-9ADF-F12940521EF2}.Debug|Any CPU.Build.0 = Debug|Any CPU
		{5EC7F805-40E9-4ED1-9ADF-F12940521EF2}.Release|Any CPU.ActiveCfg = Release|Any CPU
		{5EC7F805-40E9-4ED1-9ADF-F12940521EF2}.Release|Any CPU.Build.0 = Release|Any CPU
		{7EBE511D-516A-49CF-8441-B7D66DA83A7E}.Debug|Any CPU.ActiveCfg = Debug|Any CPU
		{7EBE511D-516A-49CF-8441-B7D66DA83A7E}.Debug|Any CPU.Build.0 = Debug|Any CPU
		{7EBE511D-516A-49CF-8441-B7D66DA83A7E}.Release|Any CPU.ActiveCfg = Release|Any CPU
		{7EBE511D-516A-49CF-8441-B7D66DA83A7E}.Release|Any CPU.Build.0 = Release|Any CPU
		{501D78A9-0F2C-4957-8039-FD3FCE3D4001}.Debug|Any CPU.ActiveCfg = Debug|Any CPU
		{501D78A9-0F2C-4957-8039-FD3FCE3D4001}.Debug|Any CPU.Build.0 = Debug|Any CPU
		{501D78A9-0F2C-4957-8039-FD3FCE3D4001}.Release|Any CPU.ActiveCfg = Release|Any CPU
		{501D78A9-0F2C-4957-8039-FD3FCE3D4001}.Release|Any CPU.Build.0 = Release|Any CPU
		{01689B0C-3A71-45EA-B44B-C538FE7CCAA9}.Debug|Any CPU.ActiveCfg = Debug|Any CPU
		{01689B0C-3A71-45EA-B44B-C538FE7CCAA9}.Debug|Any CPU.Build.0 = Debug|Any CPU
		{01689B0C-3A71-45EA-B44B-C538FE7CCAA9}.Release|Any CPU.ActiveCfg = Release|Any CPU
		{01689B0C-3A71-45EA-B44B-C538FE7CCAA9}.Release|Any CPU.Build.0 = Release|Any CPU
		{344F415C-C007-497D-BBA0-7F8E1B600156}.Debug|Any CPU.ActiveCfg = Debug|Any CPU
		{344F415C-C007-497D-BBA0-7F8E1B600156}.Debug|Any CPU.Build.0 = Debug|Any CPU
		{344F415C-C007-497D-BBA0-7F8E1B600156}.Release|Any CPU.ActiveCfg = Release|Any CPU
		{344F415C-C007-497D-BBA0-7F8E1B600156}.Release|Any CPU.Build.0 = Release|Any CPU
		{6D44C846-9ACC-4190-8403-9A5E2D3E5B3F}.Debug|Any CPU.ActiveCfg = Debug|Any CPU
		{6D44C846-9ACC-4190-8403-9A5E2D3E5B3F}.Debug|Any CPU.Build.0 = Debug|Any CPU
		{6D44C846-9ACC-4190-8403-9A5E2D3E5B3F}.Release|Any CPU.ActiveCfg = Release|Any CPU
		{6D44C846-9ACC-4190-8403-9A5E2D3E5B3F}.Release|Any CPU.Build.0 = Release|Any CPU
		{7AE3BCCA-0520-4A19-A064-169549023BF9}.Debug|Any CPU.ActiveCfg = Debug|Any CPU
		{7AE3BCCA-0520-4A19-A064-169549023BF9}.Debug|Any CPU.Build.0 = Debug|Any CPU
		{7AE3BCCA-0520-4A19-A064-169549023BF9}.Release|Any CPU.ActiveCfg = Release|Any CPU
		{7AE3BCCA-0520-4A19-A064-169549023BF9}.Release|Any CPU.Build.0 = Release|Any CPU
		{B3EE1BD6-6402-46C8-B6B7-9D58FD975043}.Debug|Any CPU.ActiveCfg = Debug|Any CPU
		{B3EE1BD6-6402-46C8-B6B7-9D58FD975043}.Debug|Any CPU.Build.0 = Debug|Any CPU
		{B3EE1BD6-6402-46C8-B6B7-9D58FD975043}.Release|Any CPU.ActiveCfg = Release|Any CPU
		{B3EE1BD6-6402-46C8-B6B7-9D58FD975043}.Release|Any CPU.Build.0 = Release|Any CPU
		{1F8ADCF0-0060-4107-B520-AEF5F9F69D94}.Debug|Any CPU.ActiveCfg = Debug|Any CPU
		{1F8ADCF0-0060-4107-B520-AEF5F9F69D94}.Debug|Any CPU.Build.0 = Debug|Any CPU
		{1F8ADCF0-0060-4107-B520-AEF5F9F69D94}.Release|Any CPU.ActiveCfg = Release|Any CPU
		{1F8ADCF0-0060-4107-B520-AEF5F9F69D94}.Release|Any CPU.Build.0 = Release|Any CPU
		{BB642FC6-B79B-4AF6-8B86-15D19A8AA19A}.Debug|Any CPU.ActiveCfg = Debug|Any CPU
		{BB642FC6-B79B-4AF6-8B86-15D19A8AA19A}.Debug|Any CPU.Build.0 = Debug|Any CPU
		{BB642FC6-B79B-4AF6-8B86-15D19A8AA19A}.Release|Any CPU.ActiveCfg = Release|Any CPU
		{BB642FC6-B79B-4AF6-8B86-15D19A8AA19A}.Release|Any CPU.Build.0 = Release|Any CPU
		{46D17EDB-6B51-4FA3-9C1E-465BA06E6032}.Debug|Any CPU.ActiveCfg = Debug|Any CPU
		{46D17EDB-6B51-4FA3-9C1E-465BA06E6032}.Debug|Any CPU.Build.0 = Debug|Any CPU
		{46D17EDB-6B51-4FA3-9C1E-465BA06E6032}.Release|Any CPU.ActiveCfg = Release|Any CPU
		{46D17EDB-6B51-4FA3-9C1E-465BA06E6032}.Release|Any CPU.Build.0 = Release|Any CPU
		{DCBA6C2F-7D5E-47FD-AC61-55A76FFC0303}.Debug|Any CPU.ActiveCfg = Debug|Any CPU
		{DCBA6C2F-7D5E-47FD-AC61-55A76FFC0303}.Debug|Any CPU.Build.0 = Debug|Any CPU
		{DCBA6C2F-7D5E-47FD-AC61-55A76FFC0303}.Release|Any CPU.ActiveCfg = Release|Any CPU
		{DCBA6C2F-7D5E-47FD-AC61-55A76FFC0303}.Release|Any CPU.Build.0 = Release|Any CPU
		{F9B09EEB-3E03-4C15-AE81-00701B2686AE}.Debug|Any CPU.ActiveCfg = Debug|Any CPU
		{F9B09EEB-3E03-4C15-AE81-00701B2686AE}.Debug|Any CPU.Build.0 = Debug|Any CPU
		{F9B09EEB-3E03-4C15-AE81-00701B2686AE}.Release|Any CPU.ActiveCfg = Release|Any CPU
		{F9B09EEB-3E03-4C15-AE81-00701B2686AE}.Release|Any CPU.Build.0 = Release|Any CPU
		{C4FAC348-9C8F-4A4A-AECF-1424ED035120}.Debug|Any CPU.ActiveCfg = Debug|Any CPU
		{C4FAC348-9C8F-4A4A-AECF-1424ED035120}.Debug|Any CPU.Build.0 = Debug|Any CPU
		{C4FAC348-9C8F-4A4A-AECF-1424ED035120}.Release|Any CPU.ActiveCfg = Release|Any CPU
		{C4FAC348-9C8F-4A4A-AECF-1424ED035120}.Release|Any CPU.Build.0 = Release|Any CPU
		{94536EAB-9048-4CD8-94EB-2A7FB2A8A470}.Debug|Any CPU.ActiveCfg = Debug|Any CPU
		{94536EAB-9048-4CD8-94EB-2A7FB2A8A470}.Debug|Any CPU.Build.0 = Debug|Any CPU
		{94536EAB-9048-4CD8-94EB-2A7FB2A8A470}.Release|Any CPU.ActiveCfg = Release|Any CPU
		{94536EAB-9048-4CD8-94EB-2A7FB2A8A470}.Release|Any CPU.Build.0 = Release|Any CPU
		{B278B86E-ED86-4E74-8E12-428F94760B25}.Debug|Any CPU.ActiveCfg = Debug|Any CPU
		{B278B86E-ED86-4E74-8E12-428F94760B25}.Debug|Any CPU.Build.0 = Debug|Any CPU
		{B278B86E-ED86-4E74-8E12-428F94760B25}.Release|Any CPU.ActiveCfg = Release|Any CPU
		{B278B86E-ED86-4E74-8E12-428F94760B25}.Release|Any CPU.Build.0 = Release|Any CPU
		{1E3C44BA-43E2-4AD6-96BD-90ECDF0DEE77}.Debug|Any CPU.ActiveCfg = Debug|Any CPU
		{1E3C44BA-43E2-4AD6-96BD-90ECDF0DEE77}.Debug|Any CPU.Build.0 = Debug|Any CPU
		{1E3C44BA-43E2-4AD6-96BD-90ECDF0DEE77}.Release|Any CPU.ActiveCfg = Release|Any CPU
		{1E3C44BA-43E2-4AD6-96BD-90ECDF0DEE77}.Release|Any CPU.Build.0 = Release|Any CPU
		{2AEA2591-098A-49B0-BAE4-89C0FFB88F33}.Debug|Any CPU.ActiveCfg = Debug|Any CPU
		{2AEA2591-098A-49B0-BAE4-89C0FFB88F33}.Debug|Any CPU.Build.0 = Debug|Any CPU
		{2AEA2591-098A-49B0-BAE4-89C0FFB88F33}.Release|Any CPU.ActiveCfg = Release|Any CPU
		{2AEA2591-098A-49B0-BAE4-89C0FFB88F33}.Release|Any CPU.Build.0 = Release|Any CPU
		{BB1E80DE-E6D1-4E29-BC2D-DB66B81163C5}.Debug|Any CPU.ActiveCfg = Debug|Any CPU
		{BB1E80DE-E6D1-4E29-BC2D-DB66B81163C5}.Debug|Any CPU.Build.0 = Debug|Any CPU
		{BB1E80DE-E6D1-4E29-BC2D-DB66B81163C5}.Release|Any CPU.ActiveCfg = Release|Any CPU
		{BB1E80DE-E6D1-4E29-BC2D-DB66B81163C5}.Release|Any CPU.Build.0 = Release|Any CPU
		{B4BAF275-1AAD-408E-AC04-1DBE32FD855E}.Debug|Any CPU.ActiveCfg = Debug|Any CPU
		{B4BAF275-1AAD-408E-AC04-1DBE32FD855E}.Debug|Any CPU.Build.0 = Debug|Any CPU
		{B4BAF275-1AAD-408E-AC04-1DBE32FD855E}.Release|Any CPU.ActiveCfg = Release|Any CPU
		{B4BAF275-1AAD-408E-AC04-1DBE32FD855E}.Release|Any CPU.Build.0 = Release|Any CPU
	EndGlobalSection
	GlobalSection(SolutionProperties) = preSolution
		HideSolutionNode = FALSE
	EndGlobalSection
	GlobalSection(NestedProjects) = preSolution
		{B9CDC448-801B-4CB4-958C-D035708FEC73} = {662E2C16-4CFE-4B65-B0F9-46A946C573DE}
		{472EA5ED-65AA-4AEB-8C53-3610D68B7128} = {662E2C16-4CFE-4B65-B0F9-46A946C573DE}
		{F4C82182-3614-42F1-93D4-76080CBB176A} = {662E2C16-4CFE-4B65-B0F9-46A946C573DE}
		{E0597872-5154-4444-AD30-8C203750D871} = {662E2C16-4CFE-4B65-B0F9-46A946C573DE}
		{DBB1D480-7A5B-4641-910F-2C7DDB3C6EF4} = {662E2C16-4CFE-4B65-B0F9-46A946C573DE}
		{E49DAD80-B8CA-4E50-AD40-631DD6C3506A} = {662E2C16-4CFE-4B65-B0F9-46A946C573DE}
		{1FCDF0F1-20D2-47FD-BF68-2A4CBC353654} = {662E2C16-4CFE-4B65-B0F9-46A946C573DE}
		{947BB795-A7CE-4BC7-8CEC-3FBB88564D5B} = {662E2C16-4CFE-4B65-B0F9-46A946C573DE}
		{5EC7F805-40E9-4ED1-9ADF-F12940521EF2} = {662E2C16-4CFE-4B65-B0F9-46A946C573DE}
		{7EBE511D-516A-49CF-8441-B7D66DA83A7E} = {662E2C16-4CFE-4B65-B0F9-46A946C573DE}
		{501D78A9-0F2C-4957-8039-FD3FCE3D4001} = {662E2C16-4CFE-4B65-B0F9-46A946C573DE}
		{01689B0C-3A71-45EA-B44B-C538FE7CCAA9} = {662E2C16-4CFE-4B65-B0F9-46A946C573DE}
		{344F415C-C007-497D-BBA0-7F8E1B600156} = {662E2C16-4CFE-4B65-B0F9-46A946C573DE}
		{6D44C846-9ACC-4190-8403-9A5E2D3E5B3F} = {E6575228-56D1-4207-AF16-CE07021B271B}
		{7AE3BCCA-0520-4A19-A064-169549023BF9} = {E6575228-56D1-4207-AF16-CE07021B271B}
		{B3EE1BD6-6402-46C8-B6B7-9D58FD975043} = {E6575228-56D1-4207-AF16-CE07021B271B}
		{1F8ADCF0-0060-4107-B520-AEF5F9F69D94} = {E6575228-56D1-4207-AF16-CE07021B271B}
		{BB642FC6-B79B-4AF6-8B86-15D19A8AA19A} = {E6575228-56D1-4207-AF16-CE07021B271B}
		{46D17EDB-6B51-4FA3-9C1E-465BA06E6032} = {E6575228-56D1-4207-AF16-CE07021B271B}
		{DCBA6C2F-7D5E-47FD-AC61-55A76FFC0303} = {AFF33499-D302-45C1-BB91-193F5FE07C8A}
		{F9B09EEB-3E03-4C15-AE81-00701B2686AE} = {AFF33499-D302-45C1-BB91-193F5FE07C8A}
		{C4FAC348-9C8F-4A4A-AECF-1424ED035120} = {30824D64-45CC-46B2-ACA2-9BBAD9BDBC1F}
		{94536EAB-9048-4CD8-94EB-2A7FB2A8A470} = {6086D8C7-696B-4D22-9168-07AA57AA926E}
		{B278B86E-ED86-4E74-8E12-428F94760B25} = {6086D8C7-696B-4D22-9168-07AA57AA926E}
		{1E3C44BA-43E2-4AD6-96BD-90ECDF0DEE77} = {6086D8C7-696B-4D22-9168-07AA57AA926E}
		{2AEA2591-098A-49B0-BAE4-89C0FFB88F33} = {6086D8C7-696B-4D22-9168-07AA57AA926E}
		{BB1E80DE-E6D1-4E29-BC2D-DB66B81163C5} = {6086D8C7-696B-4D22-9168-07AA57AA926E}
		{B4BAF275-1AAD-408E-AC04-1DBE32FD855E} = {6086D8C7-696B-4D22-9168-07AA57AA926E}
	EndGlobalSection
	GlobalSection(ExtensibilityGlobals) = postSolution
		SolutionGuid = {0EEAD678-9F22-485F-952C-D5DF773F7879}
	EndGlobalSection
EndGlobal
